
Microsoft Visual Studio Solution File, Format Version 12.00
# Visual Studio Version 17
VisualStudioVersion = 17.7.34024.191
MinimumVisualStudioVersion = 10.0.40219.1
Project("{FAE04EC0-301F-11D3-BF4B-00C04F79EFBC}") = "2051012003_nguyenducanh", "2051012003_nguyenducanh\2051012003_nguyenducanh.csproj", "{C705776F-7C07-4098-995E-80B24B3DB58A}"
EndProject
Global
	GlobalSection(SolutionConfigurationPlatforms) = preSolution
		Debug|Any CPU = Debug|Any CPU
		Release|Any CPU = Release|Any CPU
	EndGlobalSection
	GlobalSection(ProjectConfigurationPlatforms) = postSolution
		{C705776F-7C07-4098-995E-80B24B3DB58A}.Debug|Any CPU.ActiveCfg = Debug|Any CPU
		{C705776F-7C07-4098-995E-80B24B3DB58A}.Debug|Any CPU.Build.0 = Debug|Any CPU
		{C705776F-7C07-4098-995E-80B24B3DB58A}.Release|Any CPU.ActiveCfg = Release|Any CPU
		{C705776F-7C07-4098-995E-80B24B3DB58A}.Release|Any CPU.Build.0 = Release|Any CPU
	EndGlobalSection
	GlobalSection(SolutionProperties) = preSolution
		HideSolutionNode = FALSE
	EndGlobalSection
	GlobalSection(ExtensibilityGlobals) = postSolution
		SolutionGuid = {667ED42B-B500-4D20-BB00-DC64C1FECD78}
	EndGlobalSection
EndGlobal
